
Microsoft Visual Studio Solution File, Format Version 12.00
# Visual Studio Express 2013 for Windows Desktop
VisualStudioVersion = 12.0.21005.1
MinimumVisualStudioVersion = 10.0.40219.1
Project("{8BC9CEB8-8B4A-11D0-8D11-00A0C91BC942}") = "ModelAdapter", "ModelAdapter\ModelAdapter.vcxproj", "{F8F2BDE8-B4DD-4A96-864E-CAD3588AD517}"
EndProject
Project("{8BC9CEB8-8B4A-11D0-8D11-00A0C91BC942}") = "PipeReleased", "PipeReleased\PipeReleased.vcxproj", "{4F7AE8F9-EE64-4C50-AECA-9346DD9FA1DF}"
EndProject
Project("{8BC9CEB8-8B4A-11D0-8D11-00A0C91BC942}") = "ASN1", "ASN1\ASN1\ASN1.vcxproj", "{5F0D96D1-D3CC-47DE-B28E-14B9919B50D8}"
EndProject
Project("{8BC9CEB8-8B4A-11D0-8D11-00A0C91BC942}") = "AX", "AX\AX.vcxproj", "{792C27E3-863B-434C-A47A-F5F0515BFB20}"
EndProject
Project("{8BC9CEB8-8B4A-11D0-8D11-00A0C91BC942}") = "ModelProxy", "ModelProxy\ModelProxy.vcxproj", "{E03CB17B-FBFB-4708-B50A-4C7B2AAF3E46}"
EndProject
Project("{FAE04EC0-301F-11D3-BF4B-00C04F79EFBC}") = "UnitySimulator", "UnitySimulator\UnitySimulator.csproj", "{16C08539-F962-439F-B1CE-1FE610294503}"
EndProject
Global
	GlobalSection(SolutionConfigurationPlatforms) = preSolution
		Debug|Any CPU = Debug|Any CPU
		Debug|Mixed Platforms = Debug|Mixed Platforms
		Debug|Win32 = Debug|Win32
		Production|Any CPU = Production|Any CPU
		Production|Mixed Platforms = Production|Mixed Platforms
		Production|Win32 = Production|Win32
		Release|Any CPU = Release|Any CPU
		Release|Mixed Platforms = Release|Mixed Platforms
		Release|Win32 = Release|Win32
	EndGlobalSection
	GlobalSection(ProjectConfigurationPlatforms) = postSolution
		{F8F2BDE8-B4DD-4A96-864E-CAD3588AD517}.Debug|Any CPU.ActiveCfg = Debug|Win32
		{F8F2BDE8-B4DD-4A96-864E-CAD3588AD517}.Debug|Mixed Platforms.ActiveCfg = Debug|Win32
		{F8F2BDE8-B4DD-4A96-864E-CAD3588AD517}.Debug|Mixed Platforms.Build.0 = Debug|Win32
		{F8F2BDE8-B4DD-4A96-864E-CAD3588AD517}.Debug|Win32.ActiveCfg = Debug|Win32
		{F8F2BDE8-B4DD-4A96-864E-CAD3588AD517}.Debug|Win32.Build.0 = Debug|Win32
		{F8F2BDE8-B4DD-4A96-864E-CAD3588AD517}.Production|Any CPU.ActiveCfg = Release|Win32
		{F8F2BDE8-B4DD-4A96-864E-CAD3588AD517}.Production|Mixed Platforms.ActiveCfg = Release|Win32
		{F8F2BDE8-B4DD-4A96-864E-CAD3588AD517}.Production|Mixed Platforms.Build.0 = Release|Win32
		{F8F2BDE8-B4DD-4A96-864E-CAD3588AD517}.Production|Win32.ActiveCfg = Release|Win32
		{F8F2BDE8-B4DD-4A96-864E-CAD3588AD517}.Production|Win32.Build.0 = Release|Win32
		{F8F2BDE8-B4DD-4A96-864E-CAD3588AD517}.Release|Any CPU.ActiveCfg = Release|Win32
		{F8F2BDE8-B4DD-4A96-864E-CAD3588AD517}.Release|Mixed Platforms.ActiveCfg = Release|Win32
		{F8F2BDE8-B4DD-4A96-864E-CAD3588AD517}.Release|Mixed Platforms.Build.0 = Release|Win32
		{F8F2BDE8-B4DD-4A96-864E-CAD3588AD517}.Release|Win32.ActiveCfg = Release|Win32
		{F8F2BDE8-B4DD-4A96-864E-CAD3588AD517}.Release|Win32.Build.0 = Release|Win32
		{4F7AE8F9-EE64-4C50-AECA-9346DD9FA1DF}.Debug|Any CPU.ActiveCfg = Debug|Win32
		{4F7AE8F9-EE64-4C50-AECA-9346DD9FA1DF}.Debug|Mixed Platforms.ActiveCfg = Debug|Win32
		{4F7AE8F9-EE64-4C50-AECA-9346DD9FA1DF}.Debug|Mixed Platforms.Build.0 = Debug|Win32
		{4F7AE8F9-EE64-4C50-AECA-9346DD9FA1DF}.Debug|Win32.ActiveCfg = Debug|Win32
		{4F7AE8F9-EE64-4C50-AECA-9346DD9FA1DF}.Debug|Win32.Build.0 = Debug|Win32
		{4F7AE8F9-EE64-4C50-AECA-9346DD9FA1DF}.Production|Any CPU.ActiveCfg = Release|Win32
		{4F7AE8F9-EE64-4C50-AECA-9346DD9FA1DF}.Production|Mixed Platforms.ActiveCfg = Release|Win32
		{4F7AE8F9-EE64-4C50-AECA-9346DD9FA1DF}.Production|Mixed Platforms.Build.0 = Release|Win32
		{4F7AE8F9-EE64-4C50-AECA-9346DD9FA1DF}.Production|Win32.ActiveCfg = Release|Win32
		{4F7AE8F9-EE64-4C50-AECA-9346DD9FA1DF}.Production|Win32.Build.0 = Release|Win32
		{4F7AE8F9-EE64-4C50-AECA-9346DD9FA1DF}.Release|Any CPU.ActiveCfg = Release|Win32
		{4F7AE8F9-EE64-4C50-AECA-9346DD9FA1DF}.Release|Mixed Platforms.ActiveCfg = Release|Win32
		{4F7AE8F9-EE64-4C50-AECA-9346DD9FA1DF}.Release|Mixed Platforms.Build.0 = Release|Win32
		{4F7AE8F9-EE64-4C50-AECA-9346DD9FA1DF}.Release|Win32.ActiveCfg = Release|Win32
		{4F7AE8F9-EE64-4C50-AECA-9346DD9FA1DF}.Release|Win32.Build.0 = Release|Win32
		{5F0D96D1-D3CC-47DE-B28E-14B9919B50D8}.Debug|Any CPU.ActiveCfg = Debug|Win32
		{5F0D96D1-D3CC-47DE-B28E-14B9919B50D8}.Debug|Mixed Platforms.ActiveCfg = Debug|Win32
		{5F0D96D1-D3CC-47DE-B28E-14B9919B50D8}.Debug|Mixed Platforms.Build.0 = Debug|Win32
		{5F0D96D1-D3CC-47DE-B28E-14B9919B50D8}.Debug|Win32.ActiveCfg = Debug|Win32
		{5F0D96D1-D3CC-47DE-B28E-14B9919B50D8}.Debug|Win32.Build.0 = Debug|Win32
		{5F0D96D1-D3CC-47DE-B28E-14B9919B50D8}.Production|Any CPU.ActiveCfg = Release|Win32
		{5F0D96D1-D3CC-47DE-B28E-14B9919B50D8}.Production|Mixed Platforms.ActiveCfg = Release|Win32
		{5F0D96D1-D3CC-47DE-B28E-14B9919B50D8}.Production|Mixed Platforms.Build.0 = Release|Win32
		{5F0D96D1-D3CC-47DE-B28E-14B9919B50D8}.Production|Win32.ActiveCfg = Release|Win32
		{5F0D96D1-D3CC-47DE-B28E-14B9919B50D8}.Production|Win32.Build.0 = Release|Win32
		{5F0D96D1-D3CC-47DE-B28E-14B9919B50D8}.Release|Any CPU.ActiveCfg = Release|Win32
		{5F0D96D1-D3CC-47DE-B28E-14B9919B50D8}.Release|Mixed Platforms.ActiveCfg = Release|Win32
		{5F0D96D1-D3CC-47DE-B28E-14B9919B50D8}.Release|Mixed Platforms.Build.0 = Release|Win32
		{5F0D96D1-D3CC-47DE-B28E-14B9919B50D8}.Release|Win32.ActiveCfg = Release|Win32
		{5F0D96D1-D3CC-47DE-B28E-14B9919B50D8}.Release|Win32.Build.0 = Release|Win32
		{792C27E3-863B-434C-A47A-F5F0515BFB20}.Debug|Any CPU.ActiveCfg = Debug|Win32
		{792C27E3-863B-434C-A47A-F5F0515BFB20}.Debug|Mixed Platforms.ActiveCfg = Debug|Win32
		{792C27E3-863B-434C-A47A-F5F0515BFB20}.Debug|Mixed Platforms.Build.0 = Debug|Win32
		{792C27E3-863B-434C-A47A-F5F0515BFB20}.Debug|Win32.ActiveCfg = Debug|Win32
		{792C27E3-863B-434C-A47A-F5F0515BFB20}.Debug|Win32.Build.0 = Debug|Win32
		{792C27E3-863B-434C-A47A-F5F0515BFB20}.Production|Any CPU.ActiveCfg = Production|Win32
		{792C27E3-863B-434C-A47A-F5F0515BFB20}.Production|Mixed Platforms.ActiveCfg = Production|Win32
		{792C27E3-863B-434C-A47A-F5F0515BFB20}.Production|Mixed Platforms.Build.0 = Production|Win32
		{792C27E3-863B-434C-A47A-F5F0515BFB20}.Production|Win32.ActiveCfg = Production|Win32
		{792C27E3-863B-434C-A47A-F5F0515BFB20}.Production|Win32.Build.0 = Production|Win32
		{792C27E3-863B-434C-A47A-F5F0515BFB20}.Release|Any CPU.ActiveCfg = Release|Win32
		{792C27E3-863B-434C-A47A-F5F0515BFB20}.Release|Mixed Platforms.ActiveCfg = Release|Win32
		{792C27E3-863B-434C-A47A-F5F0515BFB20}.Release|Mixed Platforms.Build.0 = Release|Win32
		{792C27E3-863B-434C-A47A-F5F0515BFB20}.Release|Win32.ActiveCfg = Release|Win32
		{792C27E3-863B-434C-A47A-F5F0515BFB20}.Release|Win32.Build.0 = Release|Win32
		{E03CB17B-FBFB-4708-B50A-4C7B2AAF3E46}.Debug|Any CPU.ActiveCfg = Debug|Win32
		{E03CB17B-FBFB-4708-B50A-4C7B2AAF3E46}.Debug|Mixed Platforms.ActiveCfg = Debug|Win32
		{E03CB17B-FBFB-4708-B50A-4C7B2AAF3E46}.Debug|Mixed Platforms.Build.0 = Debug|Win32
		{E03CB17B-FBFB-4708-B50A-4C7B2AAF3E46}.Debug|Win32.ActiveCfg = Debug|Win32
		{E03CB17B-FBFB-4708-B50A-4C7B2AAF3E46}.Debug|Win32.Build.0 = Debug|Win32
		{E03CB17B-FBFB-4708-B50A-4C7B2AAF3E46}.Production|Any CPU.ActiveCfg = Release|Win32
		{E03CB17B-FBFB-4708-B50A-4C7B2AAF3E46}.Production|Mixed Platforms.ActiveCfg = Release|Win32
		{E03CB17B-FBFB-4708-B50A-4C7B2AAF3E46}.Production|Mixed Platforms.Build.0 = Release|Win32
		{E03CB17B-FBFB-4708-B50A-4C7B2AAF3E46}.Production|Win32.ActiveCfg = Release|Win32
		{E03CB17B-FBFB-4708-B50A-4C7B2AAF3E46}.Production|Win32.Build.0 = Release|Win32
		{E03CB17B-FBFB-4708-B50A-4C7B2AAF3E46}.Release|Any CPU.ActiveCfg = Release|Win32
		{E03CB17B-FBFB-4708-B50A-4C7B2AAF3E46}.Release|Mixed Platforms.ActiveCfg = Release|Win32
		{E03CB17B-FBFB-4708-B50A-4C7B2AAF3E46}.Release|Mixed Platforms.Build.0 = Release|Win32
		{E03CB17B-FBFB-4708-B50A-4C7B2AAF3E46}.Release|Win32.ActiveCfg = Release|Win32
		{E03CB17B-FBFB-4708-B50A-4C7B2AAF3E46}.Release|Win32.Build.0 = Release|Win32
		{16C08539-F962-439F-B1CE-1FE610294503}.Debug|Any CPU.ActiveCfg = Debug|Any CPU
		{16C08539-F962-439F-B1CE-1FE610294503}.Debug|Any CPU.Build.0 = Debug|Any CPU
		{16C08539-F962-439F-B1CE-1FE610294503}.Debug|Mixed Platforms.ActiveCfg = Debug|Any CPU
		{16C08539-F962-439F-B1CE-1FE610294503}.Debug|Mixed Platforms.Build.0 = Debug|Any CPU
		{16C08539-F962-439F-B1CE-1FE610294503}.Debug|Win32.ActiveCfg = Debug|Any CPU
		{16C08539-F962-439F-B1CE-1FE610294503}.Production|Any CPU.ActiveCfg = Release|Any CPU
		{16C08539-F962-439F-B1CE-1FE610294503}.Production|Any CPU.Build.0 = Release|Any CPU
		{16C08539-F962-439F-B1CE-1FE610294503}.Production|Mixed Platforms.ActiveCfg = Release|Any CPU
		{16C08539-F962-439F-B1CE-1FE610294503}.Production|Mixed Platforms.Build.0 = Release|Any CPU
		{16C08539-F962-439F-B1CE-1FE610294503}.Production|Win32.ActiveCfg = Release|Any CPU
		{16C08539-F962-439F-B1CE-1FE610294503}.Release|Any CPU.ActiveCfg = Release|Any CPU
		{16C08539-F962-439F-B1CE-1FE610294503}.Release|Any CPU.Build.0 = Release|Any CPU
		{16C08539-F962-439F-B1CE-1FE610294503}.Release|Mixed Platforms.ActiveCfg = Release|Any CPU
		{16C08539-F962-439F-B1CE-1FE610294503}.Release|Mixed Platforms.Build.0 = Release|Any CPU
		{16C08539-F962-439F-B1CE-1FE610294503}.Release|Win32.ActiveCfg = Release|Any CPU
	EndGlobalSection
	GlobalSection(SolutionProperties) = preSolution
		HideSolutionNode = FALSE
	EndGlobalSection
EndGlobal
