<?xml version="1.0" encoding="utf-8"?>
<Project ToolsVersion="4.0" xmlns="http://schemas.microsoft.com/developer/msbuild/2003">
  <ItemGroup>
    <Filter Include="interface">
      <UniqueIdentifier>{3fe746a8-1ef6-442a-9445-710a37ea972f}</UniqueIdentifier>
    </Filter>
    <Filter Include="connecting_model">
      <UniqueIdentifier>{a5580203-e3f5-4de5-ae4f-f5e64ee0f523}</UniqueIdentifier>
    </Filter>
    <Filter Include="connecting_model\mapper">
      <UniqueIdentifier>{153170cb-281e-42aa-8fa5-ddfcdfdf68c6}</UniqueIdentifier>
    </Filter>
    <Filter Include="connecting_model\objects">
      <UniqueIdentifier>{f93019b7-7a8a-4887-9d25-1bf132df0d18}</UniqueIdentifier>
    </Filter>
    <Filter Include="connecting_model\objects\exported">
      <UniqueIdentifier>{0d47e09e-849b-4dbf-8cad-459ed6ccdcd8}</UniqueIdentifier>
    </Filter>
  </ItemGroup>
  <ItemGroup>
    <ClInclude Include="interface\info.h">
      <Filter>interface</Filter>
    </ClInclude>
    <ClInclude Include="interface\object_impl.h">
      <Filter>interface</Filter>
    </ClInclude>
    <ClInclude Include="interface\object_interface.h">
      <Filter>interface</Filter>
    </ClInclude>
    <ClInclude Include="interface\param.h">
      <Filter>interface</Filter>
    </ClInclude>
    <ClInclude Include="interface\param_info.h">
      <Filter>interface</Filter>
    </ClInclude>
    <ClInclude Include="interface\serialised_param.h">
      <Filter>interface</Filter>
    </ClInclude>
    <ClInclude Include="interface\value_type.h">
      <Filter>interface</Filter>
    </ClInclude>
    <ClInclude Include="DummyDouble.h" />
    <ClInclude Include="stdafx.h" />
    <ClInclude Include="model\pipe.h">
      <Filter>connecting_model</Filter>
    </ClInclude>
    <ClInclude Include="model\serialisation_route.h">
      <Filter>connecting_model</Filter>
    </ClInclude>
    <ClInclude Include="model\server_serialisator.h">
      <Filter>connecting_model</Filter>
    </ClInclude>
    <ClInclude Include="model\mapper\mapper.h">
      <Filter>connecting_model\mapper</Filter>
    </ClInclude>
    <ClInclude Include="model\mapper\mapper.hpp">
      <Filter>connecting_model\mapper</Filter>
    </ClInclude>
    <ClInclude Include="model\mapper\mapper_interface.h">
      <Filter>connecting_model\mapper</Filter>
    </ClInclude>
    <ClInclude Include="model\mapper\mapper_route_table.h">
      <Filter>connecting_model\mapper</Filter>
    </ClInclude>
    <ClInclude Include="model\mapper\mapper_route_table.hpp">
      <Filter>connecting_model\mapper</Filter>
    </ClInclude>
    <ClInclude Include="model\objects\object_types.h">
      <Filter>connecting_model\objects</Filter>
    </ClInclude>
    <ClInclude Include="model\objects\objects.h">
      <Filter>connecting_model\objects</Filter>
    </ClInclude>
    <ClInclude Include="model\objects\exported\air_condenser.h">
      <Filter>connecting_model\objects\exported</Filter>
    </ClInclude>
    <ClInclude Include="model\objects\exported\gate_valve.h">
      <Filter>connecting_model\objects\exported</Filter>
    </ClInclude>
    <ClInclude Include="model\objects\exported\hs.h">
      <Filter>connecting_model\objects\exported</Filter>
    </ClInclude>
    <ClInclude Include="model\objects\exported\pump.h">
      <Filter>connecting_model\objects\exported</Filter>
    </ClInclude>
    <ClInclude Include="model\objects\exported\scheme_data.h">
      <Filter>connecting_model\objects\exported</Filter>
    </ClInclude>
    <ClInclude Include="model\objects\exported\sensor.h">
      <Filter>connecting_model\objects\exported</Filter>
    </ClInclude>
    <ClInclude Include="model\objects\exported\valve.h">
      <Filter>connecting_model\objects\exported</Filter>
    </ClInclude>
  </ItemGroup>
  <ItemGroup>
    <ClCompile Include="interface\object_interface.cpp">
      <Filter>interface</Filter>
    </ClCompile>
    <ClCompile Include="model\pipe.cpp">
      <Filter>connecting_model</Filter>
    </ClCompile>
    <ClCompile Include="model\server_serialisator.cpp">
      <Filter>connecting_model</Filter>
    </ClCompile>
    <ClCompile Include="model\objects\object_types.cpp">
      <Filter>connecting_model\objects</Filter>
    </ClCompile>
    <ClCompile Include="model\objects\exported\object_mapping.cpp">
      <Filter>connecting_model\objects\exported</Filter>
    </ClCompile>
  </ItemGroup>
</Project>